// !$*UTF8*$!
{
	archiveVersion = 1;
	classes = {
	};
	objectVersion = 55;
	objects = {

/* Begin PBXBuildFile section */
		B244CA61278CB24B00C25490 /* Rocket_ElevatorsApp.swift in Sources */ = {isa = PBXBuildFile; fileRef = B244CA60278CB24B00C25490 /* Rocket_ElevatorsApp.swift */; };
		B244CA63278CB24B00C25490 /* ContentView.swift in Sources */ = {isa = PBXBuildFile; fileRef = B244CA62278CB24B00C25490 /* ContentView.swift */; };
		B244CA65278CB24D00C25490 /* Assets.xcassets in Resources */ = {isa = PBXBuildFile; fileRef = B244CA64278CB24D00C25490 /* Assets.xcassets */; };
		B244CA68278CB24D00C25490 /* Preview Assets.xcassets in Resources */ = {isa = PBXBuildFile; fileRef = B244CA67278CB24D00C25490 /* Preview Assets.xcassets */; };
		B244CA72278CB24E00C25490 /* Rocket_ElevatorsTests.swift in Sources */ = {isa = PBXBuildFile; fileRef = B244CA71278CB24E00C25490 /* Rocket_ElevatorsTests.swift */; };
		B244CA7C278CB24E00C25490 /* Rocket_ElevatorsUITests.swift in Sources */ = {isa = PBXBuildFile; fileRef = B244CA7B278CB24E00C25490 /* Rocket_ElevatorsUITests.swift */; };
		B244CA7E278CB24E00C25490 /* Rocket_ElevatorsUITestsLaunchTests.swift in Sources */ = {isa = PBXBuildFile; fileRef = B244CA7D278CB24E00C25490 /* Rocket_ElevatorsUITestsLaunchTests.swift */; };
/* End PBXBuildFile section */

/* Begin PBXContainerItemProxy section */
		B244CA6E278CB24E00C25490 /* PBXContainerItemProxy */ = {
			isa = PBXContainerItemProxy;
			containerPortal = B244CA55278CB24B00C25490 /* Project object */;
			proxyType = 1;
			remoteGlobalIDString = B244CA5C278CB24B00C25490;
			remoteInfo = "Rocket Elevators";
		};
		B244CA78278CB24E00C25490 /* PBXContainerItemProxy */ = {
			isa = PBXContainerItemProxy;
			containerPortal = B244CA55278CB24B00C25490 /* Project object */;
			proxyType = 1;
			remoteGlobalIDString = B244CA5C278CB24B00C25490;
			remoteInfo = "Rocket Elevators";
		};
/* End PBXContainerItemProxy section */

/* Begin PBXFileReference section */
		B244CA5D278CB24B00C25490 /* Rocket Elevators.app */ = {isa = PBXFileReference; explicitFileType = wrapper.application; includeInIndex = 0; path = "Rocket Elevators.app"; sourceTree = BUILT_PRODUCTS_DIR; };
		B244CA60278CB24B00C25490 /* Rocket_ElevatorsApp.swift */ = {isa = PBXFileReference; lastKnownFileType = sourcecode.swift; path = Rocket_ElevatorsApp.swift; sourceTree = "<group>"; };
		B244CA62278CB24B00C25490 /* ContentView.swift */ = {isa = PBXFileReference; lastKnownFileType = sourcecode.swift; path = ContentView.swift; sourceTree = "<group>"; };
		B244CA64278CB24D00C25490 /* Assets.xcassets */ = {isa = PBXFileReference; lastKnownFileType = folder.assetcatalog; path = Assets.xcassets; sourceTree = "<group>"; };
		B244CA67278CB24D00C25490 /* Preview Assets.xcassets */ = {isa = PBXFileReference; lastKnownFileType = folder.assetcatalog; path = "Preview Assets.xcassets"; sourceTree = "<group>"; };
		B244CA6D278CB24E00C25490 /* Rocket ElevatorsTests.xctest */ = {isa = PBXFileReference; explicitFileType = wrapper.cfbundle; includeInIndex = 0; path = "Rocket ElevatorsTests.xctest"; sourceTree = BUILT_PRODUCTS_DIR; };
		B244CA71278CB24E00C25490 /* Rocket_ElevatorsTests.swift */ = {isa = PBXFileReference; lastKnownFileType = sourcecode.swift; path = Rocket_ElevatorsTests.swift; sourceTree = "<group>"; };
		B244CA77278CB24E00C25490 /* Rocket ElevatorsUITests.xctest */ = {isa = PBXFileReference; explicitFileType = wrapper.cfbundle; includeInIndex = 0; path = "Rocket ElevatorsUITests.xctest"; sourceTree = BUILT_PRODUCTS_DIR; };
		B244CA7B278CB24E00C25490 /* Rocket_ElevatorsUITests.swift */ = {isa = PBXFileReference; lastKnownFileType = sourcecode.swift; path = Rocket_ElevatorsUITests.swift; sourceTree = "<group>"; };
		B244CA7D278CB24E00C25490 /* Rocket_ElevatorsUITestsLaunchTests.swift */ = {isa = PBXFileReference; lastKnownFileType = sourcecode.swift; path = Rocket_ElevatorsUITestsLaunchTests.swift; sourceTree = "<group>"; };
/* End PBXFileReference section */

/* Begin PBXFrameworksBuildPhase section */
		B244CA5A278CB24B00C25490 /* Frameworks */ = {
			isa = PBXFrameworksBuildPhase;
			buildActionMask = 2147483647;
			files = (
			);
			runOnlyForDeploymentPostprocessing = 0;
		};
		B244CA6A278CB24E00C25490 /* Frameworks */ = {
			isa = PBXFrameworksBuildPhase;
			buildActionMask = 2147483647;
			files = (
			);
			runOnlyForDeploymentPostprocessing = 0;
		};
		B244CA74278CB24E00C25490 /* Frameworks */ = {
			isa = PBXFrameworksBuildPhase;
			buildActionMask = 2147483647;
			files = (
			);
			runOnlyForDeploymentPostprocessing = 0;
		};
/* End PBXFrameworksBuildPhase section */

/* Begin PBXGroup section */
		B244CA54278CB24B00C25490 = {
			isa = PBXGroup;
			children = (
				B244CA5F278CB24B00C25490 /* Rocket Elevators */,
				B244CA70278CB24E00C25490 /* Rocket ElevatorsTests */,
				B244CA7A278CB24E00C25490 /* Rocket ElevatorsUITests */,
				B244CA5E278CB24B00C25490 /* Products */,
			);
			sourceTree = "<group>";
		};
		B244CA5E278CB24B00C25490 /* Products */ = {
			isa = PBXGroup;
			children = (
				B244CA5D278CB24B00C25490 /* Rocket Elevators.app */,
				B244CA6D278CB24E00C25490 /* Rocket ElevatorsTests.xctest */,
				B244CA77278CB24E00C25490 /* Rocket ElevatorsUITests.xctest */,
			);
			name = Products;
			sourceTree = "<group>";
		};
		B244CA5F278CB24B00C25490 /* Rocket Elevators */ = {
			isa = PBXGroup;
			children = (
				B244CA60278CB24B00C25490 /* Rocket_ElevatorsApp.swift */,
				B244CA62278CB24B00C25490 /* ContentView.swift */,
				B244CA64278CB24D00C25490 /* Assets.xcassets */,
				B244CA66278CB24D00C25490 /* Preview Content */,
			);
			path = "Rocket Elevators";
			sourceTree = "<group>";
		};
		B244CA66278CB24D00C25490 /* Preview Content */ = {
			isa = PBXGroup;
			children = (
				B244CA67278CB24D00C25490 /* Preview Assets.xcassets */,
			);
			path = "Preview Content";
			sourceTree = "<group>";
		};
		B244CA70278CB24E00C25490 /* Rocket ElevatorsTests */ = {
			isa = PBXGroup;
			children = (
				B244CA71278CB24E00C25490 /* Rocket_ElevatorsTests.swift */,
			);
			path = "Rocket ElevatorsTests";
			sourceTree = "<group>";
		};
		B244CA7A278CB24E00C25490 /* Rocket ElevatorsUITests */ = {
			isa = PBXGroup;
			children = (
				B244CA7B278CB24E00C25490 /* Rocket_ElevatorsUITests.swift */,
				B244CA7D278CB24E00C25490 /* Rocket_ElevatorsUITestsLaunchTests.swift */,
			);
			path = "Rocket ElevatorsUITests";
			sourceTree = "<group>";
		};
/* End PBXGroup section */

/* Begin PBXNativeTarget section */
		B244CA5C278CB24B00C25490 /* Rocket Elevators */ = {
			isa = PBXNativeTarget;
			buildConfigurationList = B244CA81278CB24E00C25490 /* Build configuration list for PBXNativeTarget "Rocket Elevators" */;
			buildPhases = (
				B244CA59278CB24B00C25490 /* Sources */,
				B244CA5A278CB24B00C25490 /* Frameworks */,
				B244CA5B278CB24B00C25490 /* Resources */,
			);
			buildRules = (
			);
			dependencies = (
			);
			name = "Rocket Elevators";
			productName = "Rocket Elevators";
			productReference = B244CA5D278CB24B00C25490 /* Rocket Elevators.app */;
			productType = "com.apple.product-type.application";
		};
		B244CA6C278CB24E00C25490 /* Rocket ElevatorsTests */ = {
			isa = PBXNativeTarget;
			buildConfigurationList = B244CA84278CB24E00C25490 /* Build configuration list for PBXNativeTarget "Rocket ElevatorsTests" */;
			buildPhases = (
				B244CA69278CB24E00C25490 /* Sources */,
				B244CA6A278CB24E00C25490 /* Frameworks */,
				B244CA6B278CB24E00C25490 /* Resources */,
			);
			buildRules = (
			);
			dependencies = (
				B244CA6F278CB24E00C25490 /* PBXTargetDependency */,
			);
			name = "Rocket ElevatorsTests";
			productName = "Rocket ElevatorsTests";
			productReference = B244CA6D278CB24E00C25490 /* Rocket ElevatorsTests.xctest */;
			productType = "com.apple.product-type.bundle.unit-test";
		};
		B244CA76278CB24E00C25490 /* Rocket ElevatorsUITests */ = {
			isa = PBXNativeTarget;
			buildConfigurationList = B244CA87278CB24E00C25490 /* Build configuration list for PBXNativeTarget "Rocket ElevatorsUITests" */;
			buildPhases = (
				B244CA73278CB24E00C25490 /* Sources */,
				B244CA74278CB24E00C25490 /* Frameworks */,
				B244CA75278CB24E00C25490 /* Resources */,
			);
			buildRules = (
			);
			dependencies = (
				B244CA79278CB24E00C25490 /* PBXTargetDependency */,
			);
			name = "Rocket ElevatorsUITests";
			productName = "Rocket ElevatorsUITests";
			productReference = B244CA77278CB24E00C25490 /* Rocket ElevatorsUITests.xctest */;
			productType = "com.apple.product-type.bundle.ui-testing";
		};
/* End PBXNativeTarget section */

/* Begin PBXProject section */
		B244CA55278CB24B00C25490 /* Project object */ = {
			isa = PBXProject;
			attributes = {
				BuildIndependentTargetsInParallel = 1;
				LastSwiftUpdateCheck = 1320;
				LastUpgradeCheck = 1320;
				TargetAttributes = {
					B244CA5C278CB24B00C25490 = {
						CreatedOnToolsVersion = 13.2.1;
					};
					B244CA6C278CB24E00C25490 = {
						CreatedOnToolsVersion = 13.2.1;
						TestTargetID = B244CA5C278CB24B00C25490;
					};
					B244CA76278CB24E00C25490 = {
						CreatedOnToolsVersion = 13.2.1;
						TestTargetID = B244CA5C278CB24B00C25490;
					};
				};
			};
			buildConfigurationList = B244CA58278CB24B00C25490 /* Build configuration list for PBXProject "Rocket Elevators" */;
			compatibilityVersion = "Xcode 13.0";
			developmentRegion = en;
			hasScannedForEncodings = 0;
			knownRegions = (
				en,
				Base,
			);
			mainGroup = B244CA54278CB24B00C25490;
			productRefGroup = B244CA5E278CB24B00C25490 /* Products */;
			projectDirPath = "";
			projectRoot = "";
			targets = (
				B244CA5C278CB24B00C25490 /* Rocket Elevators */,
				B244CA6C278CB24E00C25490 /* Rocket ElevatorsTests */,
				B244CA76278CB24E00C25490 /* Rocket ElevatorsUITests */,
			);
		};
/* End PBXProject section */

/* Begin PBXResourcesBuildPhase section */
		B244CA5B278CB24B00C25490 /* Resources */ = {
			isa = PBXResourcesBuildPhase;
			buildActionMask = 2147483647;
			files = (
				B244CA68278CB24D00C25490 /* Preview Assets.xcassets in Resources */,
				B244CA65278CB24D00C25490 /* Assets.xcassets in Resources */,
			);
			runOnlyForDeploymentPostprocessing = 0;
		};
		B244CA6B278CB24E00C25490 /* Resources */ = {
			isa = PBXResourcesBuildPhase;
			buildActionMask = 2147483647;
			files = (
			);
			runOnlyForDeploymentPostprocessing = 0;
		};
		B244CA75278CB24E00C25490 /* Resources */ = {
			isa = PBXResourcesBuildPhase;
			buildActionMask = 2147483647;
			files = (
			);
			runOnlyForDeploymentPostprocessing = 0;
		};
/* End PBXResourcesBuildPhase section */

/* Begin PBXSourcesBuildPhase section */
		B244CA59278CB24B00C25490 /* Sources */ = {
			isa = PBXSourcesBuildPhase;
			buildActionMask = 2147483647;
			files = (
				B244CA63278CB24B00C25490 /* ContentView.swift in Sources */,
				B244CA61278CB24B00C25490 /* Rocket_ElevatorsApp.swift in Sources */,
			);
			runOnlyForDeploymentPostprocessing = 0;
		};
		B244CA69278CB24E00C25490 /* Sources */ = {
			isa = PBXSourcesBuildPhase;
			buildActionMask = 2147483647;
			files = (
				B244CA72278CB24E00C25490 /* Rocket_ElevatorsTests.swift in Sources */,
			);
			runOnlyForDeploymentPostprocessing = 0;
		};
		B244CA73278CB24E00C25490 /* Sources */ = {
			isa = PBXSourcesBuildPhase;
			buildActionMask = 2147483647;
			files = (
				B244CA7E278CB24E00C25490 /* Rocket_ElevatorsUITestsLaunchTests.swift in Sources */,
				B244CA7C278CB24E00C25490 /* Rocket_ElevatorsUITests.swift in Sources */,
			);
			runOnlyForDeploymentPostprocessing = 0;
		};
/* End PBXSourcesBuildPhase section */

/* Begin PBXTargetDependency section */
		B244CA6F278CB24E00C25490 /* PBXTargetDependency */ = {
			isa = PBXTargetDependency;
			target = B244CA5C278CB24B00C25490 /* Rocket Elevators */;
			targetProxy = B244CA6E278CB24E00C25490 /* PBXContainerItemProxy */;
		};
		B244CA79278CB24E00C25490 /* PBXTargetDependency */ = {
			isa = PBXTargetDependency;
			target = B244CA5C278CB24B00C25490 /* Rocket Elevators */;
			targetProxy = B244CA78278CB24E00C25490 /* PBXContainerItemProxy */;
		};
/* End PBXTargetDependency section */

/* Begin XCBuildConfiguration section */
		B244CA7F278CB24E00C25490 /* Debug */ = {
			isa = XCBuildConfiguration;
			buildSettings = {
				ALWAYS_SEARCH_USER_PATHS = NO;
				CLANG_ANALYZER_NONNULL = YES;
				CLANG_ANALYZER_NUMBER_OBJECT_CONVERSION = YES_AGGRESSIVE;
				CLANG_CXX_LANGUAGE_STANDARD = "gnu++17";
				CLANG_CXX_LIBRARY = "libc++";
				CLANG_ENABLE_MODULES = YES;
				CLANG_ENABLE_OBJC_ARC = YES;
				CLANG_ENABLE_OBJC_WEAK = YES;
				CLANG_WARN_BLOCK_CAPTURE_AUTORELEASING = YES;
				CLANG_WARN_BOOL_CONVERSION = YES;
				CLANG_WARN_COMMA = YES;
				CLANG_WARN_CONSTANT_CONVERSION = YES;
				CLANG_WARN_DEPRECATED_OBJC_IMPLEMENTATIONS = YES;
				CLANG_WARN_DIRECT_OBJC_ISA_USAGE = YES_ERROR;
				CLANG_WARN_DOCUMENTATION_COMMENTS = YES;
				CLANG_WARN_EMPTY_BODY = YES;
				CLANG_WARN_ENUM_CONVERSION = YES;
				CLANG_WARN_INFINITE_RECURSION = YES;
				CLANG_WARN_INT_CONVERSION = YES;
				CLANG_WARN_NON_LITERAL_NULL_CONVERSION = YES;
				CLANG_WARN_OBJC_IMPLICIT_RETAIN_SELF = YES;
				CLANG_WARN_OBJC_LITERAL_CONVERSION = YES;
				CLANG_WARN_OBJC_ROOT_CLASS = YES_ERROR;
				CLANG_WARN_QUOTED_INCLUDE_IN_FRAMEWORK_HEADER = YES;
				CLANG_WARN_RANGE_LOOP_ANALYSIS = YES;
				CLANG_WARN_STRICT_PROTOTYPES = YES;
				CLANG_WARN_SUSPICIOUS_MOVE = YES;
				CLANG_WARN_UNGUARDED_AVAILABILITY = YES_AGGRESSIVE;
				CLANG_WARN_UNREACHABLE_CODE = YES;
				CLANG_WARN__DUPLICATE_METHOD_MATCH = YES;
				COPY_PHASE_STRIP = NO;
				DEBUG_INFORMATION_FORMAT = dwarf;
				ENABLE_STRICT_OBJC_MSGSEND = YES;
				ENABLE_TESTABILITY = YES;
				GCC_C_LANGUAGE_STANDARD = gnu11;
				GCC_DYNAMIC_NO_PIC = NO;
				GCC_NO_COMMON_BLOCKS = YES;
				GCC_OPTIMIZATION_LEVEL = 0;
				GCC_PREPROCESSOR_DEFINITIONS = (
					"DEBUG=1",
					"$(inherited)",
				);
				GCC_WARN_64_TO_32_BIT_CONVERSION = YES;
				GCC_WARN_ABOUT_RETURN_TYPE = YES_ERROR;
				GCC_WARN_UNDECLARED_SELECTOR = YES;
				GCC_WARN_UNINITIALIZED_AUTOS = YES_AGGRESSIVE;
				GCC_WARN_UNUSED_FUNCTION = YES;
				GCC_WARN_UNUSED_VARIABLE = YES;
				IPHONEOS_DEPLOYMENT_TARGET = 15.2;
				MTL_ENABLE_DEBUG_INFO = INCLUDE_SOURCE;
				MTL_FAST_MATH = YES;
				ONLY_ACTIVE_ARCH = YES;
				SDKROOT = iphoneos;
				SWIFT_ACTIVE_COMPILATION_CONDITIONS = DEBUG;
				SWIFT_OPTIMIZATION_LEVEL = "-Onone";
			};
			name = Debug;
		};
		B244CA80278CB24E00C25490 /* Release */ = {
			isa = XCBuildConfiguration;
			buildSettings = {
				ALWAYS_SEARCH_USER_PATHS = NO;
				CLANG_ANALYZER_NONNULL = YES;
				CLANG_ANALYZER_NUMBER_OBJECT_CONVERSION = YES_AGGRESSIVE;
				CLANG_CXX_LANGUAGE_STANDARD = "gnu++17";
				CLANG_CXX_LIBRARY = "libc++";
				CLANG_ENABLE_MODULES = YES;
				CLANG_ENABLE_OBJC_ARC = YES;
				CLANG_ENABLE_OBJC_WEAK = YES;
				CLANG_WARN_BLOCK_CAPTURE_AUTORELEASING = YES;
				CLANG_WARN_BOOL_CONVERSION = YES;
				CLANG_WARN_COMMA = YES;
				CLANG_WARN_CONSTANT_CONVERSION = YES;
				CLANG_WARN_DEPRECATED_OBJC_IMPLEMENTATIONS = YES;
				CLANG_WARN_DIRECT_OBJC_ISA_USAGE = YES_ERROR;
				CLANG_WARN_DOCUMENTATION_COMMENTS = YES;
				CLANG_WARN_EMPTY_BODY = YES;
				CLANG_WARN_ENUM_CONVERSION = YES;
				CLANG_WARN_INFINITE_RECURSION = YES;
				CLANG_WARN_INT_CONVERSION = YES;
				CLANG_WARN_NON_LITERAL_NULL_CONVERSION = YES;
				CLANG_WARN_OBJC_IMPLICIT_RETAIN_SELF = YES;
				CLANG_WARN_OBJC_LITERAL_CONVERSION = YES;
				CLANG_WARN_OBJC_ROOT_CLASS = YES_ERROR;
				CLANG_WARN_QUOTED_INCLUDE_IN_FRAMEWORK_HEADER = YES;
				CLANG_WARN_RANGE_LOOP_ANALYSIS = YES;
				CLANG_WARN_STRICT_PROTOTYPES = YES;
				CLANG_WARN_SUSPICIOUS_MOVE = YES;
				CLANG_WARN_UNGUARDED_AVAILABILITY = YES_AGGRESSIVE;
				CLANG_WARN_UNREACHABLE_CODE = YES;
				CLANG_WARN__DUPLICATE_METHOD_MATCH = YES;
				COPY_PHASE_STRIP = NO;
				DEBUG_INFORMATION_FORMAT = "dwarf-with-dsym";
				ENABLE_NS_ASSERTIONS = NO;
				ENABLE_STRICT_OBJC_MSGSEND = YES;
				GCC_C_LANGUAGE_STANDARD = gnu11;
				GCC_NO_COMMON_BLOCKS = YES;
				GCC_WARN_64_TO_32_BIT_CONVERSION = YES;
				GCC_WARN_ABOUT_RETURN_TYPE = YES_ERROR;
				GCC_WARN_UNDECLARED_SELECTOR = YES;
				GCC_WARN_UNINITIALIZED_AUTOS = YES_AGGRESSIVE;
				GCC_WARN_UNUSED_FUNCTION = YES;
				GCC_WARN_UNUSED_VARIABLE = YES;
				IPHONEOS_DEPLOYMENT_TARGET = 15.2;
				MTL_ENABLE_DEBUG_INFO = NO;
				MTL_FAST_MATH = YES;
				SDKROOT = iphoneos;
				SWIFT_COMPILATION_MODE = wholemodule;
				SWIFT_OPTIMIZATION_LEVEL = "-O";
				VALIDATE_PRODUCT = YES;
			};
			name = Release;
		};
		B244CA82278CB24E00C25490 /* Debug */ = {
			isa = XCBuildConfiguration;
			buildSettings = {
				ASSETCATALOG_COMPILER_APPICON_NAME = AppIcon;
				ASSETCATALOG_COMPILER_GLOBAL_ACCENT_COLOR_NAME = AccentColor;
				CODE_SIGN_STYLE = Automatic;
				CURRENT_PROJECT_VERSION = 1;
				DEVELOPMENT_ASSET_PATHS = "\"Rocket Elevators/Preview Content\"";
				ENABLE_PREVIEWS = YES;
				GENERATE_INFOPLIST_FILE = YES;
				INFOPLIST_KEY_UIApplicationSceneManifest_Generation = YES;
				INFOPLIST_KEY_UIApplicationSupportsIndirectInputEvents = YES;
				INFOPLIST_KEY_UILaunchScreen_Generation = YES;
				INFOPLIST_KEY_UISupportedInterfaceOrientations_iPad = "UIInterfaceOrientationPortrait UIInterfaceOrientationPortraitUpsideDown UIInterfaceOrientationLandscapeLeft UIInterfaceOrientationLandscapeRight";
				INFOPLIST_KEY_UISupportedInterfaceOrientations_iPhone = "UIInterfaceOrientationPortrait UIInterfaceOrientationLandscapeLeft UIInterfaceOrientationLandscapeRight";
				LD_RUNPATH_SEARCH_PATHS = (
					"$(inherited)",
					"@executable_path/Frameworks",
				);
				MARKETING_VERSION = 1.0;
				PRODUCT_BUNDLE_IDENTIFIER = "Rocket-Elevators.Rocket-Elevators";
				PRODUCT_NAME = "$(TARGET_NAME)";
				SWIFT_EMIT_LOC_STRINGS = YES;
				SWIFT_VERSION = 5.0;
				TARGETED_DEVICE_FAMILY = "1,2";
			};
			name = Debug;
		};
		B244CA83278CB24E00C25490 /* Release */ = {
			isa = XCBuildConfiguration;
			buildSettings = {
				ASSETCATALOG_COMPILER_APPICON_NAME = AppIcon;
				ASSETCATALOG_COMPILER_GLOBAL_ACCENT_COLOR_NAME = AccentColor;
				CODE_SIGN_STYLE = Automatic;
				CURRENT_PROJECT_VERSION = 1;
				DEVELOPMENT_ASSET_PATHS = "\"Rocket Elevators/Preview Content\"";
				ENABLE_PREVIEWS = YES;
				GENERATE_INFOPLIST_FILE = YES;
				INFOPLIST_KEY_UIApplicationSceneManifest_Generation = YES;
				INFOPLIST_KEY_UIApplicationSupportsIndirectInputEvents = YES;
				INFOPLIST_KEY_UILaunchScreen_Generation = YES;
				INFOPLIST_KEY_UISupportedInterfaceOrientations_iPad = "UIInterfaceOrientationPortrait UIInterfaceOrientationPortraitUpsideDown UIInterfaceOrientationLandscapeLeft UIInterfaceOrientationLandscapeRight";
				INFOPLIST_KEY_UISupportedInterfaceOrientations_iPhone = "UIInterfaceOrientationPortrait UIInterfaceOrientationLandscapeLeft UIInterfaceOrientationLandscapeRight";
				LD_RUNPATH_SEARCH_PATHS = (
					"$(inherited)",
					"@executable_path/Frameworks",
				);
				MARKETING_VERSION = 1.0;
				PRODUCT_BUNDLE_IDENTIFIER = "Rocket-Elevators.Rocket-Elevators";
				PRODUCT_NAME = "$(TARGET_NAME)";
				SWIFT_EMIT_LOC_STRINGS = YES;
				SWIFT_VERSION = 5.0;
				TARGETED_DEVICE_FAMILY = "1,2";
			};
			name = Release;
		};
		B244CA85278CB24E00C25490 /* Debug */ = {
			isa = XCBuildConfiguration;
			buildSettings = {
				ALWAYS_EMBED_SWIFT_STANDARD_LIBRARIES = YES;
				BUNDLE_LOADER = "$(TEST_HOST)";
				CODE_SIGN_STYLE = Automatic;
				CURRENT_PROJECT_VERSION = 1;
				GENERATE_INFOPLIST_FILE = YES;
				IPHONEOS_DEPLOYMENT_TARGET = 15.2;
				MARKETING_VERSION = 1.0;
				PRODUCT_BUNDLE_IDENTIFIER = "Rocket-Elevators.Rocket-ElevatorsTests";
				PRODUCT_NAME = "$(TARGET_NAME)";
				SWIFT_EMIT_LOC_STRINGS = NO;
				SWIFT_VERSION = 5.0;
				TARGETED_DEVICE_FAMILY = "1,2";
				TEST_HOST = "$(BUILT_PRODUCTS_DIR)/Rocket Elevators.app/Rocket Elevators";
			};
			name = Debug;
		};
		B244CA86278CB24E00C25490 /* Release */ = {
			isa = XCBuildConfiguration;
			buildSettings = {
				ALWAYS_EMBED_SWIFT_STANDARD_LIBRARIES = YES;
				BUNDLE_LOADER = "$(TEST_HOST)";
				CODE_SIGN_STYLE = Automatic;
				CURRENT_PROJECT_VERSION = 1;
				GENERATE_INFOPLIST_FILE = YES;
				IPHONEOS_DEPLOYMENT_TARGET = 15.2;
				MARKETING_VERSION = 1.0;
				PRODUCT_BUNDLE_IDENTIFIER = "Rocket-Elevators.Rocket-ElevatorsTests";
				PRODUCT_NAME = "$(TARGET_NAME)";
				SWIFT_EMIT_LOC_STRINGS = NO;
				SWIFT_VERSION = 5.0;
				TARGETED_DEVICE_FAMILY = "1,2";
				TEST_HOST = "$(BUILT_PRODUCTS_DIR)/Rocket Elevators.app/Rocket Elevators";
			};
			name = Release;
		};
		B244CA88278CB24E00C25490 /* Debug */ = {
			isa = XCBuildConfiguration;
			buildSettings = {
				ALWAYS_EMBED_SWIFT_STANDARD_LIBRARIES = YES;
				CODE_SIGN_STYLE = Automatic;
				CURRENT_PROJECT_VERSION = 1;
				GENERATE_INFOPLIST_FILE = YES;
				MARKETING_VERSION = 1.0;
				PRODUCT_BUNDLE_IDENTIFIER = "Rocket-Elevators.Rocket-ElevatorsUITests";
				PRODUCT_NAME = "$(TARGET_NAME)";
				SWIFT_EMIT_LOC_STRINGS = NO;
				SWIFT_VERSION = 5.0;
				TARGETED_DEVICE_FAMILY = "1,2";
				TEST_TARGET_NAME = "Rocket Elevators";
			};
			name = Debug;
		};
		B244CA89278CB24E00C25490 /* Release */ = {
			isa = XCBuildConfiguration;
			buildSettings = {
				ALWAYS_EMBED_SWIFT_STANDARD_LIBRARIES = YES;
				CODE_SIGN_STYLE = Automatic;
				CURRENT_PROJECT_VERSION = 1;
				GENERATE_INFOPLIST_FILE = YES;
				MARKETING_VERSION = 1.0;
				PRODUCT_BUNDLE_IDENTIFIER = "Rocket-Elevators.Rocket-ElevatorsUITests";
				PRODUCT_NAME = "$(TARGET_NAME)";
				SWIFT_EMIT_LOC_STRINGS = NO;
				SWIFT_VERSION = 5.0;
				TARGETED_DEVICE_FAMILY = "1,2";
				TEST_TARGET_NAME = "Rocket Elevators";
			};
			name = Release;
		};
/* End XCBuildConfiguration section */

/* Begin XCConfigurationList section */
		B244CA58278CB24B00C25490 /* Build configuration list for PBXProject "Rocket Elevators" */ = {
			isa = XCConfigurationList;
			buildConfigurations = (
				B244CA7F278CB24E00C25490 /* Debug */,
				B244CA80278CB24E00C25490 /* Release */,
			);
			defaultConfigurationIsVisible = 0;
			defaultConfigurationName = Release;
		};
		B244CA81278CB24E00C25490 /* Build configuration list for PBXNativeTarget "Rocket Elevators" */ = {
			isa = XCConfigurationList;
			buildConfigurations = (
				B244CA82278CB24E00C25490 /* Debug */,
				B244CA83278CB24E00C25490 /* Release */,
			);
			defaultConfigurationIsVisible = 0;
			defaultConfigurationName = Release;
		};
		B244CA84278CB24E00C25490 /* Build configuration list for PBXNativeTarget "Rocket ElevatorsTests" */ = {
			isa = XCConfigurationList;
			buildConfigurations = (
				B244CA85278CB24E00C25490 /* Debug */,
				B244CA86278CB24E00C25490 /* Release */,
			);
			defaultConfigurationIsVisible = 0;
			defaultConfigurationName = Release;
		};
		B244CA87278CB24E00C25490 /* Build configuration list for PBXNativeTarget "Rocket ElevatorsUITests" */ = {
			isa = XCConfigurationList;
			buildConfigurations = (
				B244CA88278CB24E00C25490 /* Debug */,
				B244CA89278CB24E00C25490 /* Release */,
			);
			defaultConfigurationIsVisible = 0;
			defaultConfigurationName = Release;
		};
/* End XCConfigurationList section */
	};
	rootObject = B244CA55278CB24B00C25490 /* Project object */;
}
